
Microsoft Visual Studio Solution File, Format Version 12.00
# Visual Studio Version 17
VisualStudioVersion = 17.3.32901.215
MinimumVisualStudioVersion = 10.0.40219.1
Project("{FAE04EC0-301F-11D3-BF4B-00C04F79EFBC}") = "DigitalDesign_Test", "DigitalDesign_Test\DigitalDesign_Test.csproj", "{2F3A580B-ECCA-41DB-AE38-4BD91491AD10}"
EndProject
Global
	GlobalSection(SolutionConfigurationPlatforms) = preSolution
		Debug|Any CPU = Debug|Any CPU
		Release|Any CPU = Release|Any CPU
	EndGlobalSection
	GlobalSection(ProjectConfigurationPlatforms) = postSolution
		{2F3A580B-ECCA-41DB-AE38-4BD91491AD10}.Debug|Any CPU.ActiveCfg = Debug|Any CPU
		{2F3A580B-ECCA-41DB-AE38-4BD91491AD10}.Debug|Any CPU.Build.0 = Debug|Any CPU
		{2F3A580B-ECCA-41DB-AE38-4BD91491AD10}.Release|Any CPU.ActiveCfg = Release|Any CPU
		{2F3A580B-ECCA-41DB-AE38-4BD91491AD10}.Release|Any CPU.Build.0 = Release|Any CPU
	EndGlobalSection
	GlobalSection(SolutionProperties) = preSolution
		HideSolutionNode = FALSE
	EndGlobalSection
	GlobalSection(ExtensibilityGlobals) = postSolution
		SolutionGuid = {62C2AA5F-02E7-4634-B3C9-835EDA55DEAC}
	EndGlobalSection
EndGlobal
